
Microsoft Visual Studio Solution File, Format Version 12.00
# Visual Studio 14
VisualStudioVersion = 14.0.25420.1
MinimumVisualStudioVersion = 10.0.40219.1
Project("{FAE04EC0-301F-11D3-BF4B-00C04F79EFBC}") = "SportMe.One.Android", "SportMe.One\SportMe.One.Android\SportMe.One.Android.csproj", "{CBD85CAD-C5B3-4133-9CA7-DEE64820A6F1}"
EndProject
Project("{FAE04EC0-301F-11D3-BF4B-00C04F79EFBC}") = "SportMe.One", "SportMe.One\SportMe.One\SportMe.One.csproj", "{D19D1247-3CD7-4E23-AC7A-EE9722E80FF8}"
EndProject
Project("{FAE04EC0-301F-11D3-BF4B-00C04F79EFBC}") = "SportMe.One.UWP", "SportMe.One\SportMe.One.UWP\SportMe.One.UWP.csproj", "{376608E6-77A5-4B70-A8D8-DF210ACF0612}"
EndProject
Project("{FAE04EC0-301F-11D3-BF4B-00C04F79EFBC}") = "SportMe.One.iOS", "SportMe.One\SportMe.One.iOS\SportMe.One.iOS.csproj", "{FE378293-A026-43CF-B606-F50A1C99E121}"
EndProject
Global
	GlobalSection(SolutionConfigurationPlatforms) = preSolution
		Ad-Hoc|Any CPU = Ad-Hoc|Any CPU
		Ad-Hoc|ARM = Ad-Hoc|ARM
		Ad-Hoc|iPhone = Ad-Hoc|iPhone
		Ad-Hoc|iPhoneSimulator = Ad-Hoc|iPhoneSimulator
		Ad-Hoc|x64 = Ad-Hoc|x64
		Ad-Hoc|x86 = Ad-Hoc|x86
		AppStore|Any CPU = AppStore|Any CPU
		AppStore|ARM = AppStore|ARM
		AppStore|iPhone = AppStore|iPhone
		AppStore|iPhoneSimulator = AppStore|iPhoneSimulator
		AppStore|x64 = AppStore|x64
		AppStore|x86 = AppStore|x86
		Debug|Any CPU = Debug|Any CPU
		Debug|ARM = Debug|ARM
		Debug|iPhone = Debug|iPhone
		Debug|iPhoneSimulator = Debug|iPhoneSimulator
		Debug|x64 = Debug|x64
		Debug|x86 = Debug|x86
		Release|Any CPU = Release|Any CPU
		Release|ARM = Release|ARM
		Release|iPhone = Release|iPhone
		Release|iPhoneSimulator = Release|iPhoneSimulator
		Release|x64 = Release|x64
		Release|x86 = Release|x86
	EndGlobalSection
	GlobalSection(ProjectConfigurationPlatforms) = postSolution
		{CBD85CAD-C5B3-4133-9CA7-DEE64820A6F1}.Ad-Hoc|Any CPU.ActiveCfg = Release|Any CPU
		{CBD85CAD-C5B3-4133-9CA7-DEE64820A6F1}.Ad-Hoc|Any CPU.Build.0 = Release|Any CPU
		{CBD85CAD-C5B3-4133-9CA7-DEE64820A6F1}.Ad-Hoc|Any CPU.Deploy.0 = Release|Any CPU
		{CBD85CAD-C5B3-4133-9CA7-DEE64820A6F1}.Ad-Hoc|ARM.ActiveCfg = Release|Any CPU
		{CBD85CAD-C5B3-4133-9CA7-DEE64820A6F1}.Ad-Hoc|ARM.Build.0 = Release|Any CPU
		{CBD85CAD-C5B3-4133-9CA7-DEE64820A6F1}.Ad-Hoc|ARM.Deploy.0 = Release|Any CPU
		{CBD85CAD-C5B3-4133-9CA7-DEE64820A6F1}.Ad-Hoc|iPhone.ActiveCfg = Release|Any CPU
		{CBD85CAD-C5B3-4133-9CA7-DEE64820A6F1}.Ad-Hoc|iPhone.Build.0 = Release|Any CPU
		{CBD85CAD-C5B3-4133-9CA7-DEE64820A6F1}.Ad-Hoc|iPhone.Deploy.0 = Release|Any CPU
		{CBD85CAD-C5B3-4133-9CA7-DEE64820A6F1}.Ad-Hoc|iPhoneSimulator.ActiveCfg = Release|Any CPU
		{CBD85CAD-C5B3-4133-9CA7-DEE64820A6F1}.Ad-Hoc|iPhoneSimulator.Build.0 = Release|Any CPU
		{CBD85CAD-C5B3-4133-9CA7-DEE64820A6F1}.Ad-Hoc|iPhoneSimulator.Deploy.0 = Release|Any CPU
		{CBD85CAD-C5B3-4133-9CA7-DEE64820A6F1}.Ad-Hoc|x64.ActiveCfg = Release|Any CPU
		{CBD85CAD-C5B3-4133-9CA7-DEE64820A6F1}.Ad-Hoc|x64.Build.0 = Release|Any CPU
		{CBD85CAD-C5B3-4133-9CA7-DEE64820A6F1}.Ad-Hoc|x64.Deploy.0 = Release|Any CPU
		{CBD85CAD-C5B3-4133-9CA7-DEE64820A6F1}.Ad-Hoc|x86.ActiveCfg = Release|Any CPU
		{CBD85CAD-C5B3-4133-9CA7-DEE64820A6F1}.Ad-Hoc|x86.Build.0 = Release|Any CPU
		{CBD85CAD-C5B3-4133-9CA7-DEE64820A6F1}.Ad-Hoc|x86.Deploy.0 = Release|Any CPU
		{CBD85CAD-C5B3-4133-9CA7-DEE64820A6F1}.AppStore|Any CPU.ActiveCfg = Release|Any CPU
		{CBD85CAD-C5B3-4133-9CA7-DEE64820A6F1}.AppStore|Any CPU.Build.0 = Release|Any CPU
		{CBD85CAD-C5B3-4133-9CA7-DEE64820A6F1}.AppStore|Any CPU.Deploy.0 = Release|Any CPU
		{CBD85CAD-C5B3-4133-9CA7-DEE64820A6F1}.AppStore|ARM.ActiveCfg = Release|Any CPU
		{CBD85CAD-C5B3-4133-9CA7-DEE64820A6F1}.AppStore|ARM.Build.0 = Release|Any CPU
		{CBD85CAD-C5B3-4133-9CA7-DEE64820A6F1}.AppStore|ARM.Deploy.0 = Release|Any CPU
		{CBD85CAD-C5B3-4133-9CA7-DEE64820A6F1}.AppStore|iPhone.ActiveCfg = Release|Any CPU
		{CBD85CAD-C5B3-4133-9CA7-DEE64820A6F1}.AppStore|iPhone.Build.0 = Release|Any CPU
		{CBD85CAD-C5B3-4133-9CA7-DEE64820A6F1}.AppStore|iPhone.Deploy.0 = Release|Any CPU
		{CBD85CAD-C5B3-4133-9CA7-DEE64820A6F1}.AppStore|iPhoneSimulator.ActiveCfg = Release|Any CPU
		{CBD85CAD-C5B3-4133-9CA7-DEE64820A6F1}.AppStore|iPhoneSimulator.Build.0 = Release|Any CPU
		{CBD85CAD-C5B3-4133-9CA7-DEE64820A6F1}.AppStore|iPhoneSimulator.Deploy.0 = Release|Any CPU
		{CBD85CAD-C5B3-4133-9CA7-DEE64820A6F1}.AppStore|x64.ActiveCfg = Release|Any CPU
		{CBD85CAD-C5B3-4133-9CA7-DEE64820A6F1}.AppStore|x64.Build.0 = Release|Any CPU
		{CBD85CAD-C5B3-4133-9CA7-DEE64820A6F1}.AppStore|x64.Deploy.0 = Release|Any CPU
		{CBD85CAD-C5B3-4133-9CA7-DEE64820A6F1}.AppStore|x86.ActiveCfg = Release|Any CPU
		{CBD85CAD-C5B3-4133-9CA7-DEE64820A6F1}.AppStore|x86.Build.0 = Release|Any CPU
		{CBD85CAD-C5B3-4133-9CA7-DEE64820A6F1}.AppStore|x86.Deploy.0 = Release|Any CPU
		{CBD85CAD-C5B3-4133-9CA7-DEE64820A6F1}.Debug|Any CPU.ActiveCfg = Debug|Any CPU
		{CBD85CAD-C5B3-4133-9CA7-DEE64820A6F1}.Debug|Any CPU.Build.0 = Debug|Any CPU
		{CBD85CAD-C5B3-4133-9CA7-DEE64820A6F1}.Debug|Any CPU.Deploy.0 = Debug|Any CPU
		{CBD85CAD-C5B3-4133-9CA7-DEE64820A6F1}.Debug|ARM.ActiveCfg = Debug|Any CPU
		{CBD85CAD-C5B3-4133-9CA7-DEE64820A6F1}.Debug|ARM.Build.0 = Debug|Any CPU
		{CBD85CAD-C5B3-4133-9CA7-DEE64820A6F1}.Debug|ARM.Deploy.0 = Debug|Any CPU
		{CBD85CAD-C5B3-4133-9CA7-DEE64820A6F1}.Debug|iPhone.ActiveCfg = Debug|Any CPU
		{CBD85CAD-C5B3-4133-9CA7-DEE64820A6F1}.Debug|iPhone.Build.0 = Debug|Any CPU
		{CBD85CAD-C5B3-4133-9CA7-DEE64820A6F1}.Debug|iPhone.Deploy.0 = Debug|Any CPU
		{CBD85CAD-C5B3-4133-9CA7-DEE64820A6F1}.Debug|iPhoneSimulator.ActiveCfg = Debug|Any CPU
		{CBD85CAD-C5B3-4133-9CA7-DEE64820A6F1}.Debug|iPhoneSimulator.Build.0 = Debug|Any CPU
		{CBD85CAD-C5B3-4133-9CA7-DEE64820A6F1}.Debug|iPhoneSimulator.Deploy.0 = Debug|Any CPU
		{CBD85CAD-C5B3-4133-9CA7-DEE64820A6F1}.Debug|x64.ActiveCfg = Debug|Any CPU
		{CBD85CAD-C5B3-4133-9CA7-DEE64820A6F1}.Debug|x64.Build.0 = Debug|Any CPU
		{CBD85CAD-C5B3-4133-9CA7-DEE64820A6F1}.Debug|x64.Deploy.0 = Debug|Any CPU
		{CBD85CAD-C5B3-4133-9CA7-DEE64820A6F1}.Debug|x86.ActiveCfg = Debug|Any CPU
		{CBD85CAD-C5B3-4133-9CA7-DEE64820A6F1}.Debug|x86.Build.0 = Debug|Any CPU
		{CBD85CAD-C5B3-4133-9CA7-DEE64820A6F1}.Debug|x86.Deploy.0 = Debug|Any CPU
		{CBD85CAD-C5B3-4133-9CA7-DEE64820A6F1}.Release|Any CPU.ActiveCfg = Release|Any CPU
		{CBD85CAD-C5B3-4133-9CA7-DEE64820A6F1}.Release|Any CPU.Build.0 = Release|Any CPU
		{CBD85CAD-C5B3-4133-9CA7-DEE64820A6F1}.Release|Any CPU.Deploy.0 = Release|Any CPU
		{CBD85CAD-C5B3-4133-9CA7-DEE64820A6F1}.Release|ARM.ActiveCfg = Release|Any CPU
		{CBD85CAD-C5B3-4133-9CA7-DEE64820A6F1}.Release|ARM.Build.0 = Release|Any CPU
		{CBD85CAD-C5B3-4133-9CA7-DEE64820A6F1}.Release|ARM.Deploy.0 = Release|Any CPU
		{CBD85CAD-C5B3-4133-9CA7-DEE64820A6F1}.Release|iPhone.ActiveCfg = Release|Any CPU
		{CBD85CAD-C5B3-4133-9CA7-DEE64820A6F1}.Release|iPhone.Build.0 = Release|Any CPU
		{CBD85CAD-C5B3-4133-9CA7-DEE64820A6F1}.Release|iPhone.Deploy.0 = Release|Any CPU
		{CBD85CAD-C5B3-4133-9CA7-DEE64820A6F1}.Release|iPhoneSimulator.ActiveCfg = Release|Any CPU
		{CBD85CAD-C5B3-4133-9CA7-DEE64820A6F1}.Release|iPhoneSimulator.Build.0 = Release|Any CPU
		{CBD85CAD-C5B3-4133-9CA7-DEE64820A6F1}.Release|iPhoneSimulator.Deploy.0 = Release|Any CPU
		{CBD85CAD-C5B3-4133-9CA7-DEE64820A6F1}.Release|x64.ActiveCfg = Release|Any CPU
		{CBD85CAD-C5B3-4133-9CA7-DEE64820A6F1}.Release|x64.Build.0 = Release|Any CPU
		{CBD85CAD-C5B3-4133-9CA7-DEE64820A6F1}.Release|x64.Deploy.0 = Release|Any CPU
		{CBD85CAD-C5B3-4133-9CA7-DEE64820A6F1}.Release|x86.ActiveCfg = Release|Any CPU
		{CBD85CAD-C5B3-4133-9CA7-DEE64820A6F1}.Release|x86.Build.0 = Release|Any CPU
		{CBD85CAD-C5B3-4133-9CA7-DEE64820A6F1}.Release|x86.Deploy.0 = Release|Any CPU
		{D19D1247-3CD7-4E23-AC7A-EE9722E80FF8}.Ad-Hoc|Any CPU.ActiveCfg = Release|Any CPU
		{D19D1247-3CD7-4E23-AC7A-EE9722E80FF8}.Ad-Hoc|Any CPU.Build.0 = Release|Any CPU
		{D19D1247-3CD7-4E23-AC7A-EE9722E80FF8}.Ad-Hoc|ARM.ActiveCfg = Release|Any CPU
		{D19D1247-3CD7-4E23-AC7A-EE9722E80FF8}.Ad-Hoc|ARM.Build.0 = Release|Any CPU
		{D19D1247-3CD7-4E23-AC7A-EE9722E80FF8}.Ad-Hoc|iPhone.ActiveCfg = Release|Any CPU
		{D19D1247-3CD7-4E23-AC7A-EE9722E80FF8}.Ad-Hoc|iPhone.Build.0 = Release|Any CPU
		{D19D1247-3CD7-4E23-AC7A-EE9722E80FF8}.Ad-Hoc|iPhoneSimulator.ActiveCfg = Release|Any CPU
		{D19D1247-3CD7-4E23-AC7A-EE9722E80FF8}.Ad-Hoc|iPhoneSimulator.Build.0 = Release|Any CPU
		{D19D1247-3CD7-4E23-AC7A-EE9722E80FF8}.Ad-Hoc|x64.ActiveCfg = Release|Any CPU
		{D19D1247-3CD7-4E23-AC7A-EE9722E80FF8}.Ad-Hoc|x64.Build.0 = Release|Any CPU
		{D19D1247-3CD7-4E23-AC7A-EE9722E80FF8}.Ad-Hoc|x86.ActiveCfg = Release|Any CPU
		{D19D1247-3CD7-4E23-AC7A-EE9722E80FF8}.Ad-Hoc|x86.Build.0 = Release|Any CPU
		{D19D1247-3CD7-4E23-AC7A-EE9722E80FF8}.AppStore|Any CPU.ActiveCfg = Release|Any CPU
		{D19D1247-3CD7-4E23-AC7A-EE9722E80FF8}.AppStore|Any CPU.Build.0 = Release|Any CPU
		{D19D1247-3CD7-4E23-AC7A-EE9722E80FF8}.AppStore|ARM.ActiveCfg = Release|Any CPU
		{D19D1247-3CD7-4E23-AC7A-EE9722E80FF8}.AppStore|ARM.Build.0 = Release|Any CPU
		{D19D1247-3CD7-4E23-AC7A-EE9722E80FF8}.AppStore|iPhone.ActiveCfg = Release|Any CPU
		{D19D1247-3CD7-4E23-AC7A-EE9722E80FF8}.AppStore|iPhone.Build.0 = Release|Any CPU
		{D19D1247-3CD7-4E23-AC7A-EE9722E80FF8}.AppStore|iPhoneSimulator.ActiveCfg = Release|Any CPU
		{D19D1247-3CD7-4E23-AC7A-EE9722E80FF8}.AppStore|iPhoneSimulator.Build.0 = Release|Any CPU
		{D19D1247-3CD7-4E23-AC7A-EE9722E80FF8}.AppStore|x64.ActiveCfg = Release|Any CPU
		{D19D1247-3CD7-4E23-AC7A-EE9722E80FF8}.AppStore|x64.Build.0 = Release|Any CPU
		{D19D1247-3CD7-4E23-AC7A-EE9722E80FF8}.AppStore|x86.ActiveCfg = Release|Any CPU
		{D19D1247-3CD7-4E23-AC7A-EE9722E80FF8}.AppStore|x86.Build.0 = Release|Any CPU
		{D19D1247-3CD7-4E23-AC7A-EE9722E80FF8}.Debug|Any CPU.ActiveCfg = Debug|Any CPU
		{D19D1247-3CD7-4E23-AC7A-EE9722E80FF8}.Debug|Any CPU.Build.0 = Debug|Any CPU
		{D19D1247-3CD7-4E23-AC7A-EE9722E80FF8}.Debug|ARM.ActiveCfg = Debug|Any CPU
		{D19D1247-3CD7-4E23-AC7A-EE9722E80FF8}.Debug|ARM.Build.0 = Debug|Any CPU
		{D19D1247-3CD7-4E23-AC7A-EE9722E80FF8}.Debug|iPhone.ActiveCfg = Debug|Any CPU
		{D19D1247-3CD7-4E23-AC7A-EE9722E80FF8}.Debug|iPhone.Build.0 = Debug|Any CPU
		{D19D1247-3CD7-4E23-AC7A-EE9722E80FF8}.Debug|iPhoneSimulator.ActiveCfg = Debug|Any CPU
		{D19D1247-3CD7-4E23-AC7A-EE9722E80FF8}.Debug|iPhoneSimulator.Build.0 = Debug|Any CPU
		{D19D1247-3CD7-4E23-AC7A-EE9722E80FF8}.Debug|x64.ActiveCfg = Debug|Any CPU
		{D19D1247-3CD7-4E23-AC7A-EE9722E80FF8}.Debug|x64.Build.0 = Debug|Any CPU
		{D19D1247-3CD7-4E23-AC7A-EE9722E80FF8}.Debug|x86.ActiveCfg = Debug|Any CPU
		{D19D1247-3CD7-4E23-AC7A-EE9722E80FF8}.Debug|x86.Build.0 = Debug|Any CPU
		{D19D1247-3CD7-4E23-AC7A-EE9722E80FF8}.Release|Any CPU.ActiveCfg = Release|Any CPU
		{D19D1247-3CD7-4E23-AC7A-EE9722E80FF8}.Release|Any CPU.Build.0 = Release|Any CPU
		{D19D1247-3CD7-4E23-AC7A-EE9722E80FF8}.Release|ARM.ActiveCfg = Release|Any CPU
		{D19D1247-3CD7-4E23-AC7A-EE9722E80FF8}.Release|ARM.Build.0 = Release|Any CPU
		{D19D1247-3CD7-4E23-AC7A-EE9722E80FF8}.Release|iPhone.ActiveCfg = Release|Any CPU
		{D19D1247-3CD7-4E23-AC7A-EE9722E80FF8}.Release|iPhone.Build.0 = Release|Any CPU
		{D19D1247-3CD7-4E23-AC7A-EE9722E80FF8}.Release|iPhoneSimulator.ActiveCfg = Release|Any CPU
		{D19D1247-3CD7-4E23-AC7A-EE9722E80FF8}.Release|iPhoneSimulator.Build.0 = Release|Any CPU
		{D19D1247-3CD7-4E23-AC7A-EE9722E80FF8}.Release|x64.ActiveCfg = Release|Any CPU
		{D19D1247-3CD7-4E23-AC7A-EE9722E80FF8}.Release|x64.Build.0 = Release|Any CPU
		{D19D1247-3CD7-4E23-AC7A-EE9722E80FF8}.Release|x86.ActiveCfg = Release|Any CPU
		{D19D1247-3CD7-4E23-AC7A-EE9722E80FF8}.Release|x86.Build.0 = Release|Any CPU
		{376608E6-77A5-4B70-A8D8-DF210ACF0612}.Ad-Hoc|Any CPU.ActiveCfg = Release|x86
		{376608E6-77A5-4B70-A8D8-DF210ACF0612}.Ad-Hoc|Any CPU.Build.0 = Release|x86
		{376608E6-77A5-4B70-A8D8-DF210ACF0612}.Ad-Hoc|Any CPU.Deploy.0 = Release|x86
		{376608E6-77A5-4B70-A8D8-DF210ACF0612}.Ad-Hoc|ARM.ActiveCfg = Release|ARM
		{376608E6-77A5-4B70-A8D8-DF210ACF0612}.Ad-Hoc|ARM.Build.0 = Release|ARM
		{376608E6-77A5-4B70-A8D8-DF210ACF0612}.Ad-Hoc|ARM.Deploy.0 = Release|ARM
		{376608E6-77A5-4B70-A8D8-DF210ACF0612}.Ad-Hoc|iPhone.ActiveCfg = Release|x86
		{376608E6-77A5-4B70-A8D8-DF210ACF0612}.Ad-Hoc|iPhone.Build.0 = Release|x86
		{376608E6-77A5-4B70-A8D8-DF210ACF0612}.Ad-Hoc|iPhone.Deploy.0 = Release|x86
		{376608E6-77A5-4B70-A8D8-DF210ACF0612}.Ad-Hoc|iPhoneSimulator.ActiveCfg = Release|x86
		{376608E6-77A5-4B70-A8D8-DF210ACF0612}.Ad-Hoc|iPhoneSimulator.Build.0 = Release|x86
		{376608E6-77A5-4B70-A8D8-DF210ACF0612}.Ad-Hoc|iPhoneSimulator.Deploy.0 = Release|x86
		{376608E6-77A5-4B70-A8D8-DF210ACF0612}.Ad-Hoc|x64.ActiveCfg = Release|x64
		{376608E6-77A5-4B70-A8D8-DF210ACF0612}.Ad-Hoc|x64.Build.0 = Release|x64
		{376608E6-77A5-4B70-A8D8-DF210ACF0612}.Ad-Hoc|x64.Deploy.0 = Release|x64
		{376608E6-77A5-4B70-A8D8-DF210ACF0612}.Ad-Hoc|x86.ActiveCfg = Release|x86
		{376608E6-77A5-4B70-A8D8-DF210ACF0612}.Ad-Hoc|x86.Build.0 = Release|x86
		{376608E6-77A5-4B70-A8D8-DF210ACF0612}.Ad-Hoc|x86.Deploy.0 = Release|x86
		{376608E6-77A5-4B70-A8D8-DF210ACF0612}.AppStore|Any CPU.ActiveCfg = Release|x86
		{376608E6-77A5-4B70-A8D8-DF210ACF0612}.AppStore|Any CPU.Build.0 = Release|x86
		{376608E6-77A5-4B70-A8D8-DF210ACF0612}.AppStore|Any CPU.Deploy.0 = Release|x86
		{376608E6-77A5-4B70-A8D8-DF210ACF0612}.AppStore|ARM.ActiveCfg = Release|ARM
		{376608E6-77A5-4B70-A8D8-DF210ACF0612}.AppStore|ARM.Build.0 = Release|ARM
		{376608E6-77A5-4B70-A8D8-DF210ACF0612}.AppStore|ARM.Deploy.0 = Release|ARM
		{376608E6-77A5-4B70-A8D8-DF210ACF0612}.AppStore|iPhone.ActiveCfg = Release|x86
		{376608E6-77A5-4B70-A8D8-DF210ACF0612}.AppStore|iPhone.Build.0 = Release|x86
		{376608E6-77A5-4B70-A8D8-DF210ACF0612}.AppStore|iPhone.Deploy.0 = Release|x86
		{376608E6-77A5-4B70-A8D8-DF210ACF0612}.AppStore|iPhoneSimulator.ActiveCfg = Release|x86
		{376608E6-77A5-4B70-A8D8-DF210ACF0612}.AppStore|iPhoneSimulator.Build.0 = Release|x86
		{376608E6-77A5-4B70-A8D8-DF210ACF0612}.AppStore|iPhoneSimulator.Deploy.0 = Release|x86
		{376608E6-77A5-4B70-A8D8-DF210ACF0612}.AppStore|x64.ActiveCfg = Release|x64
		{376608E6-77A5-4B70-A8D8-DF210ACF0612}.AppStore|x64.Build.0 = Release|x64
		{376608E6-77A5-4B70-A8D8-DF210ACF0612}.AppStore|x64.Deploy.0 = Release|x64
		{376608E6-77A5-4B70-A8D8-DF210ACF0612}.AppStore|x86.ActiveCfg = Release|x86
		{376608E6-77A5-4B70-A8D8-DF210ACF0612}.AppStore|x86.Build.0 = Release|x86
		{376608E6-77A5-4B70-A8D8-DF210ACF0612}.AppStore|x86.Deploy.0 = Release|x86
		{376608E6-77A5-4B70-A8D8-DF210ACF0612}.Debug|Any CPU.ActiveCfg = Debug|x86
		{376608E6-77A5-4B70-A8D8-DF210ACF0612}.Debug|ARM.ActiveCfg = Debug|ARM
		{376608E6-77A5-4B70-A8D8-DF210ACF0612}.Debug|ARM.Build.0 = Debug|ARM
		{376608E6-77A5-4B70-A8D8-DF210ACF0612}.Debug|ARM.Deploy.0 = Debug|ARM
		{376608E6-77A5-4B70-A8D8-DF210ACF0612}.Debug|iPhone.ActiveCfg = Debug|x86
		{376608E6-77A5-4B70-A8D8-DF210ACF0612}.Debug|iPhoneSimulator.ActiveCfg = Debug|x86
		{376608E6-77A5-4B70-A8D8-DF210ACF0612}.Debug|x64.ActiveCfg = Debug|x64
		{376608E6-77A5-4B70-A8D8-DF210ACF0612}.Debug|x64.Build.0 = Debug|x64
		{376608E6-77A5-4B70-A8D8-DF210ACF0612}.Debug|x64.Deploy.0 = Debug|x64
		{376608E6-77A5-4B70-A8D8-DF210ACF0612}.Debug|x86.ActiveCfg = Debug|x86
		{376608E6-77A5-4B70-A8D8-DF210ACF0612}.Debug|x86.Build.0 = Debug|x86
		{376608E6-77A5-4B70-A8D8-DF210ACF0612}.Debug|x86.Deploy.0 = Debug|x86
		{376608E6-77A5-4B70-A8D8-DF210ACF0612}.Release|Any CPU.ActiveCfg = Release|x86
		{376608E6-77A5-4B70-A8D8-DF210ACF0612}.Release|ARM.ActiveCfg = Release|ARM
		{376608E6-77A5-4B70-A8D8-DF210ACF0612}.Release|ARM.Build.0 = Release|ARM
		{376608E6-77A5-4B70-A8D8-DF210ACF0612}.Release|ARM.Deploy.0 = Release|ARM
		{376608E6-77A5-4B70-A8D8-DF210ACF0612}.Release|iPhone.ActiveCfg = Release|x86
		{376608E6-77A5-4B70-A8D8-DF210ACF0612}.Release|iPhoneSimulator.ActiveCfg = Release|x86
		{376608E6-77A5-4B70-A8D8-DF210ACF0612}.Release|x64.ActiveCfg = Release|x64
		{376608E6-77A5-4B70-A8D8-DF210ACF0612}.Release|x64.Build.0 = Release|x64
		{376608E6-77A5-4B70-A8D8-DF210ACF0612}.Release|x64.Deploy.0 = Release|x64
		{376608E6-77A5-4B70-A8D8-DF210ACF0612}.Release|x86.ActiveCfg = Release|x86
		{376608E6-77A5-4B70-A8D8-DF210ACF0612}.Release|x86.Build.0 = Release|x86
		{376608E6-77A5-4B70-A8D8-DF210ACF0612}.Release|x86.Deploy.0 = Release|x86
		{FE378293-A026-43CF-B606-F50A1C99E121}.Ad-Hoc|Any CPU.ActiveCfg = Ad-Hoc|iPhone
		{FE378293-A026-43CF-B606-F50A1C99E121}.Ad-Hoc|ARM.ActiveCfg = Ad-Hoc|iPhone
		{FE378293-A026-43CF-B606-F50A1C99E121}.Ad-Hoc|iPhone.ActiveCfg = Ad-Hoc|iPhone
		{FE378293-A026-43CF-B606-F50A1C99E121}.Ad-Hoc|iPhone.Build.0 = Ad-Hoc|iPhone
		{FE378293-A026-43CF-B606-F50A1C99E121}.Ad-Hoc|iPhoneSimulator.ActiveCfg = Ad-Hoc|iPhoneSimulator
		{FE378293-A026-43CF-B606-F50A1C99E121}.Ad-Hoc|iPhoneSimulator.Build.0 = Ad-Hoc|iPhoneSimulator
		{FE378293-A026-43CF-B606-F50A1C99E121}.Ad-Hoc|x64.ActiveCfg = Ad-Hoc|iPhone
		{FE378293-A026-43CF-B606-F50A1C99E121}.Ad-Hoc|x86.ActiveCfg = Ad-Hoc|iPhone
		{FE378293-A026-43CF-B606-F50A1C99E121}.AppStore|Any CPU.ActiveCfg = AppStore|iPhone
		{FE378293-A026-43CF-B606-F50A1C99E121}.AppStore|ARM.ActiveCfg = AppStore|iPhone
		{FE378293-A026-43CF-B606-F50A1C99E121}.AppStore|iPhone.ActiveCfg = AppStore|iPhone
		{FE378293-A026-43CF-B606-F50A1C99E121}.AppStore|iPhone.Build.0 = AppStore|iPhone
		{FE378293-A026-43CF-B606-F50A1C99E121}.AppStore|iPhoneSimulator.ActiveCfg = AppStore|iPhoneSimulator
		{FE378293-A026-43CF-B606-F50A1C99E121}.AppStore|iPhoneSimulator.Build.0 = AppStore|iPhoneSimulator
		{FE378293-A026-43CF-B606-F50A1C99E121}.AppStore|x64.ActiveCfg = AppStore|iPhone
		{FE378293-A026-43CF-B606-F50A1C99E121}.AppStore|x86.ActiveCfg = AppStore|iPhone
		{FE378293-A026-43CF-B606-F50A1C99E121}.Debug|Any CPU.ActiveCfg = Debug|iPhone
		{FE378293-A026-43CF-B606-F50A1C99E121}.Debug|ARM.ActiveCfg = Debug|iPhone
		{FE378293-A026-43CF-B606-F50A1C99E121}.Debug|iPhone.ActiveCfg = Debug|iPhone
		{FE378293-A026-43CF-B606-F50A1C99E121}.Debug|iPhone.Build.0 = Debug|iPhone
		{FE378293-A026-43CF-B606-F50A1C99E121}.Debug|iPhoneSimulator.ActiveCfg = Debug|iPhoneSimulator
		{FE378293-A026-43CF-B606-F50A1C99E121}.Debug|iPhoneSimulator.Build.0 = Debug|iPhoneSimulator
		{FE378293-A026-43CF-B606-F50A1C99E121}.Debug|x64.ActiveCfg = Debug|iPhone
		{FE378293-A026-43CF-B606-F50A1C99E121}.Debug|x86.ActiveCfg = Debug|iPhone
		{FE378293-A026-43CF-B606-F50A1C99E121}.Release|Any CPU.ActiveCfg = Release|iPhone
		{FE378293-A026-43CF-B606-F50A1C99E121}.Release|ARM.ActiveCfg = Release|iPhone
		{FE378293-A026-43CF-B606-F50A1C99E121}.Release|iPhone.ActiveCfg = Release|iPhone
		{FE378293-A026-43CF-B606-F50A1C99E121}.Release|iPhone.Build.0 = Release|iPhone
		{FE378293-A026-43CF-B606-F50A1C99E121}.Release|iPhoneSimulator.ActiveCfg = Release|iPhoneSimulator
		{FE378293-A026-43CF-B606-F50A1C99E121}.Release|iPhoneSimulator.Build.0 = Release|iPhoneSimulator
		{FE378293-A026-43CF-B606-F50A1C99E121}.Release|x64.ActiveCfg = Release|iPhone
		{FE378293-A026-43CF-B606-F50A1C99E121}.Release|x86.ActiveCfg = Release|iPhone
	EndGlobalSection
	GlobalSection(SolutionProperties) = preSolution
		HideSolutionNode = FALSE
	EndGlobalSection
EndGlobal
